
Microsoft Visual Studio Solution File, Format Version 12.00
# Visual Studio Version 17
VisualStudioVersion = 17.0.31919.166
MinimumVisualStudioVersion = 10.0.40219.1
Project("{FAE04EC0-301F-11D3-BF4B-00C04F79EFBC}") = "WebOficios", "WebOficios\WebOficios.csproj", "{381FD675-75BB-44AE-BD5F-3052544D3F81}"
EndProject
Global
	GlobalSection(SolutionConfigurationPlatforms) = preSolution
		Debug|Any CPU = Debug|Any CPU
		Release|Any CPU = Release|Any CPU
	EndGlobalSection
	GlobalSection(ProjectConfigurationPlatforms) = postSolution
		{381FD675-75BB-44AE-BD5F-3052544D3F81}.Debug|Any CPU.ActiveCfg = Debug|Any CPU
		{381FD675-75BB-44AE-BD5F-3052544D3F81}.Debug|Any CPU.Build.0 = Debug|Any CPU
		{381FD675-75BB-44AE-BD5F-3052544D3F81}.Release|Any CPU.ActiveCfg = Release|Any CPU
		{381FD675-75BB-44AE-BD5F-3052544D3F81}.Release|Any CPU.Build.0 = Release|Any CPU
	EndGlobalSection
	GlobalSection(SolutionProperties) = preSolution
		HideSolutionNode = FALSE
	EndGlobalSection
	GlobalSection(ExtensibilityGlobals) = postSolution
		SolutionGuid = {CE074BF5-7E3E-4391-A31F-57641FFE387B}
	EndGlobalSection
EndGlobal
